Microsoft Visual Studio Solution File, Format Version 8.00
Project("{8BC9CEB8-8B4A-11D0-8D11-00A0C91BC942}") = "splicebmp", "splicebmp.vcproj", "{174B0B35-83D7-4894-8827-95892B9A5D57}"
	ProjectSection(ProjectDependencies) = postProject
	EndProjectSection
EndProject
Global
	GlobalSection(SolutionConfiguration) = preSolution
		Debug = Debug
		Release = Release
	EndGlobalSection
	GlobalSection(ProjectConfiguration) = postSolution
		{174B0B35-83D7-4894-8827-95892B9A5D57}.Debug.ActiveCfg = Debug|Win32
		{174B0B35-83D7-4894-8827-95892B9A5D57}.Debug.Build.0 = Debug|Win32
		{174B0B35-83D7-4894-8827-95892B9A5D57}.Release.ActiveCfg = Release|Win32
		{174B0B35-83D7-4894-8827-95892B9A5D57}.Release.Build.0 = Release|Win32
	EndGlobalSection
	GlobalSection(ExtensibilityGlobals) = postSolution
	EndGlobalSection
	GlobalSection(ExtensibilityAddIns) = postSolution
	EndGlobalSection
EndGlobal
