
Microsoft Visual Studio Solution File, Format Version 10.00
# Visual C++ Express 2008
Project("{8BC9CEB8-8B4A-11D0-8D11-00A0C91BC942}") = "Powder", "Powder_vc9.vcproj", "{252CF4CE-A37B-47D9-A9DF-99E84B651D38}"
	ProjectSection(ProjectDependencies) = postProject
		{4356FC1F-6CAD-4D6E-8C48-92101F2A3C29} = {4356FC1F-6CAD-4D6E-8C48-92101F2A3C29}
		{CEC86F4E-91A9-4B55-B012-1585D5637BDB} = {CEC86F4E-91A9-4B55-B012-1585D5637BDB}
		{40267354-B68A-4602-B4E1-17FF3A89D5C5} = {40267354-B68A-4602-B4E1-17FF3A89D5C5}
		{26F91D61-7BA8-49B3-90B1-4E1242C2E7BC} = {26F91D61-7BA8-49B3-90B1-4E1242C2E7BC}
		{E7ED779D-67B5-4944-920A-97AB6103C6A1} = {E7ED779D-67B5-4944-920A-97AB6103C6A1}
		{B99125D8-7883-42FB-B390-7CCD829BB795} = {B99125D8-7883-42FB-B390-7CCD829BB795}
	EndProjectSection
EndProject
Project("{8BC9CEB8-8B4A-11D0-8D11-00A0C91BC942}") = "bmp2c", "bmp2c_vc9\bmp2c_vc9.vcproj", "{E7ED779D-67B5-4944-920A-97AB6103C6A1}"
EndProject
Project("{8BC9CEB8-8B4A-11D0-8D11-00A0C91BC942}") = "encyclopedia2c", "encyclopedia2c_vc9\encyclopedia2c_vc9.vcproj", "{CEC86F4E-91A9-4B55-B012-1585D5637BDB}"
EndProject
Project("{8BC9CEB8-8B4A-11D0-8D11-00A0C91BC942}") = "enummaker", "enummaker_vc9\enummaker_vc9.vcproj", "{26F91D61-7BA8-49B3-90B1-4E1242C2E7BC}"
EndProject
Project("{8BC9CEB8-8B4A-11D0-8D11-00A0C91BC942}") = "map2c", "map2c_vc9\map2c_vc9.vcproj", "{4356FC1F-6CAD-4D6E-8C48-92101F2A3C29}"
EndProject
Project("{8BC9CEB8-8B4A-11D0-8D11-00A0C91BC942}") = "txt2c", "txt2c_vc9\txt2c_vc9.vcproj", "{B99125D8-7883-42FB-B390-7CCD829BB795}"
EndProject
Project("{8BC9CEB8-8B4A-11D0-8D11-00A0C91BC942}") = "tile2c", "tile2c_vc9\tile2c_vc9.vcproj", "{40267354-B68A-4602-B4E1-17FF3A89D5C5}"
EndProject
Global
	GlobalSection(SolutionConfigurationPlatforms) = preSolution
		Debug|Win32 = Debug|Win32
		Release|Win32 = Release|Win32
	EndGlobalSection
	GlobalSection(ProjectConfigurationPlatforms) = postSolution
		{252CF4CE-A37B-47D9-A9DF-99E84B651D38}.Debug|Win32.ActiveCfg = Debug|Win32
		{252CF4CE-A37B-47D9-A9DF-99E84B651D38}.Debug|Win32.Build.0 = Debug|Win32
		{252CF4CE-A37B-47D9-A9DF-99E84B651D38}.Release|Win32.ActiveCfg = Release|Win32
		{252CF4CE-A37B-47D9-A9DF-99E84B651D38}.Release|Win32.Build.0 = Release|Win32
		{E7ED779D-67B5-4944-920A-97AB6103C6A1}.Debug|Win32.ActiveCfg = Debug|Win32
		{E7ED779D-67B5-4944-920A-97AB6103C6A1}.Debug|Win32.Build.0 = Debug|Win32
		{E7ED779D-67B5-4944-920A-97AB6103C6A1}.Release|Win32.ActiveCfg = Release|Win32
		{E7ED779D-67B5-4944-920A-97AB6103C6A1}.Release|Win32.Build.0 = Release|Win32
		{CEC86F4E-91A9-4B55-B012-1585D5637BDB}.Debug|Win32.ActiveCfg = Debug|Win32
		{CEC86F4E-91A9-4B55-B012-1585D5637BDB}.Debug|Win32.Build.0 = Debug|Win32
		{CEC86F4E-91A9-4B55-B012-1585D5637BDB}.Release|Win32.ActiveCfg = Release|Win32
		{CEC86F4E-91A9-4B55-B012-1585D5637BDB}.Release|Win32.Build.0 = Release|Win32
		{26F91D61-7BA8-49B3-90B1-4E1242C2E7BC}.Debug|Win32.ActiveCfg = Debug|Win32
		{26F91D61-7BA8-49B3-90B1-4E1242C2E7BC}.Debug|Win32.Build.0 = Debug|Win32
		{26F91D61-7BA8-49B3-90B1-4E1242C2E7BC}.Release|Win32.ActiveCfg = Release|Win32
		{26F91D61-7BA8-49B3-90B1-4E1242C2E7BC}.Release|Win32.Build.0 = Release|Win32
		{4356FC1F-6CAD-4D6E-8C48-92101F2A3C29}.Debug|Win32.ActiveCfg = Debug|Win32
		{4356FC1F-6CAD-4D6E-8C48-92101F2A3C29}.Debug|Win32.Build.0 = Debug|Win32
		{4356FC1F-6CAD-4D6E-8C48-92101F2A3C29}.Release|Win32.ActiveCfg = Release|Win32
		{4356FC1F-6CAD-4D6E-8C48-92101F2A3C29}.Release|Win32.Build.0 = Release|Win32
		{B99125D8-7883-42FB-B390-7CCD829BB795}.Debug|Win32.ActiveCfg = Debug|Win32
		{B99125D8-7883-42FB-B390-7CCD829BB795}.Debug|Win32.Build.0 = Debug|Win32
		{B99125D8-7883-42FB-B390-7CCD829BB795}.Release|Win32.ActiveCfg = Release|Win32
		{B99125D8-7883-42FB-B390-7CCD829BB795}.Release|Win32.Build.0 = Release|Win32
		{40267354-B68A-4602-B4E1-17FF3A89D5C5}.Debug|Win32.ActiveCfg = Debug|Win32
		{40267354-B68A-4602-B4E1-17FF3A89D5C5}.Debug|Win32.Build.0 = Debug|Win32
		{40267354-B68A-4602-B4E1-17FF3A89D5C5}.Release|Win32.ActiveCfg = Release|Win32
		{40267354-B68A-4602-B4E1-17FF3A89D5C5}.Release|Win32.Build.0 = Release|Win32
	EndGlobalSection
	GlobalSection(SolutionProperties) = preSolution
		HideSolutionNode = FALSE
	EndGlobalSection
EndGlobal
