Microsoft Visual Studio Solution File, Format Version 8.00
Project("{8BC9CEB8-8B4A-11D0-8D11-00A0C91BC942}") = "encyclopedia2c", "encyclopedia2c.vcproj", "{28CEEED6-1188-4321-9B7D-874A584E9C62}"
	ProjectSection(ProjectDependencies) = postProject
	EndProjectSection
EndProject
Global
	GlobalSection(SolutionConfiguration) = preSolution
		Debug = Debug
		Release = Release
	EndGlobalSection
	GlobalSection(ProjectConfiguration) = postSolution
		{28CEEED6-1188-4321-9B7D-874A584E9C62}.Debug.ActiveCfg = Debug|Win32
		{28CEEED6-1188-4321-9B7D-874A584E9C62}.Debug.Build.0 = Debug|Win32
		{28CEEED6-1188-4321-9B7D-874A584E9C62}.Release.ActiveCfg = Release|Win32
		{28CEEED6-1188-4321-9B7D-874A584E9C62}.Release.Build.0 = Release|Win32
	EndGlobalSection
	GlobalSection(ExtensibilityGlobals) = postSolution
	EndGlobalSection
	GlobalSection(ExtensibilityAddIns) = postSolution
	EndGlobalSection
EndGlobal
